
Microsoft Visual Studio Solution File, Format Version 12.00
# Visual Studio Version 16
VisualStudioVersion = 16.0.30011.22
MinimumVisualStudioVersion = 10.0.40219.1
Project("{FAE04EC0-301F-11D3-BF4B-00C04F79EFBC}") = "AssetAllocationCalcApp", "AssetAllocationCalcApp\AssetAllocationCalcApp.csproj", "{F32C36EB-1352-4C74-8130-22857387039F}"
EndProject
Global
	GlobalSection(SolutionConfigurationPlatforms) = preSolution
		Debug|Any CPU = Debug|Any CPU
		Release|Any CPU = Release|Any CPU
	EndGlobalSection
	GlobalSection(ProjectConfigurationPlatforms) = postSolution
		{F32C36EB-1352-4C74-8130-22857387039F}.Debug|Any CPU.ActiveCfg = Debug|Any CPU
		{F32C36EB-1352-4C74-8130-22857387039F}.Debug|Any CPU.Build.0 = Debug|Any CPU
		{F32C36EB-1352-4C74-8130-22857387039F}.Release|Any CPU.ActiveCfg = Release|Any CPU
		{F32C36EB-1352-4C74-8130-22857387039F}.Release|Any CPU.Build.0 = Release|Any CPU
	EndGlobalSection
	GlobalSection(SolutionProperties) = preSolution
		HideSolutionNode = FALSE
	EndGlobalSection
	GlobalSection(ExtensibilityGlobals) = postSolution
		SolutionGuid = {96FF2C93-FF9D-41C6-A510-7865DBE00C6C}
	EndGlobalSection
EndGlobal
